<Solution>
  <Folder Name="/src/">
    <Project Path="src/PasswordTool.Api/PasswordTool.Api.csproj" />
    <Project Path="src/PasswordTool.Core/PasswordTool.Core.csproj" />
    <Project Path="src/PasswordTool.WinForms/PasswordTool.WinForms.csproj" />
  </Folder>
  <Folder Name="/tests/">
    <Project Path="tests/PasswordTool.Core.Tests/PasswordTool.Core.Tests.csproj" />
  </Folder>
</Solution>
